
Microsoft Visual Studio Solution File, Format Version 12.00
# Visual Studio Version 16
VisualStudioVersion = 16.0.30114.105
MinimumVisualStudioVersion = 10.0.40219.1
Project("{FAE04EC0-301F-11D3-BF4B-00C04F79EFBC}") = "ServiceDemo.Services", "ServiceDemo.Services\ServiceDemo.Services.csproj", "{69EE18A4-2C17-4F0F-A072-D8741535A756}"
EndProject
Project("{FAE04EC0-301F-11D3-BF4B-00C04F79EFBC}") = "ServiceDemo.WebApi", "ServiceDemo.WebApi\ServiceDemo.WebApi.csproj", "{5BE726CB-F392-4C07-9DBF-79FD3EDD693F}"
EndProject
Project("{FAE04EC0-301F-11D3-BF4B-00C04F79EFBC}") = "CommonDependencies", "CommonDependencies\CommonDependencies.csproj", "{919705B1-3A9D-40DF-AF12-8A73AAB20043}"
EndProject
Global
	GlobalSection(SolutionConfigurationPlatforms) = preSolution
		Debug|Any CPU = Debug|Any CPU
		Release|Any CPU = Release|Any CPU
	EndGlobalSection
	GlobalSection(SolutionProperties) = preSolution
		HideSolutionNode = FALSE
	EndGlobalSection
	GlobalSection(ProjectConfigurationPlatforms) = postSolution
		{69EE18A4-2C17-4F0F-A072-D8741535A756}.Debug|Any CPU.ActiveCfg = Debug|Any CPU
		{69EE18A4-2C17-4F0F-A072-D8741535A756}.Debug|Any CPU.Build.0 = Debug|Any CPU
		{69EE18A4-2C17-4F0F-A072-D8741535A756}.Release|Any CPU.ActiveCfg = Release|Any CPU
		{69EE18A4-2C17-4F0F-A072-D8741535A756}.Release|Any CPU.Build.0 = Release|Any CPU
		{5BE726CB-F392-4C07-9DBF-79FD3EDD693F}.Debug|Any CPU.ActiveCfg = Debug|Any CPU
		{5BE726CB-F392-4C07-9DBF-79FD3EDD693F}.Debug|Any CPU.Build.0 = Debug|Any CPU
		{5BE726CB-F392-4C07-9DBF-79FD3EDD693F}.Release|Any CPU.ActiveCfg = Release|Any CPU
		{5BE726CB-F392-4C07-9DBF-79FD3EDD693F}.Release|Any CPU.Build.0 = Release|Any CPU
		{919705B1-3A9D-40DF-AF12-8A73AAB20043}.Debug|Any CPU.ActiveCfg = Debug|Any CPU
		{919705B1-3A9D-40DF-AF12-8A73AAB20043}.Debug|Any CPU.Build.0 = Debug|Any CPU
		{919705B1-3A9D-40DF-AF12-8A73AAB20043}.Release|Any CPU.ActiveCfg = Release|Any CPU
		{919705B1-3A9D-40DF-AF12-8A73AAB20043}.Release|Any CPU.Build.0 = Release|Any CPU
	EndGlobalSection
EndGlobal
