
Microsoft Visual Studio Solution File, Format Version 12.00
# Visual Studio Version 17
VisualStudioVersion = 17.0.31903.59
MinimumVisualStudioVersion = 10.0.40219.1
Project("{FAE04EC0-301F-11D3-BF4B-00C04F79EFBC}") = "MiscLibraries.WebApi", "MiscLibraries.WebApi\MiscLibraries.WebApi.csproj", "{6B046A24-691B-4BB7-8C33-9BA6B6552AC6}"
EndProject
Project("{FAE04EC0-301F-11D3-BF4B-00C04F79EFBC}") = "MiscLibraries.Flurl", "MiscLibraries.Flurl\MiscLibraries.Flurl.csproj", "{36DC0190-3474-4CA8-B7F8-D1997BF4EF85}"
EndProject
Project("{FAE04EC0-301F-11D3-BF4B-00C04F79EFBC}") = "MiscLibraries.Polly", "MiscLibraries.Polly\MiscLibraries.Polly.csproj", "{11F92B28-8A07-4A04-8BB8-071FA4C13D77}"
EndProject
Project("{FAE04EC0-301F-11D3-BF4B-00C04F79EFBC}") = "MiscLibraries.LazyCache", "MiscLibraries.LazyCache\MiscLibraries.LazyCache.csproj", "{AE31BA77-7B04-4177-AD7A-AEEF2062C3C3}"
EndProject
Project("{FAE04EC0-301F-11D3-BF4B-00C04F79EFBC}") = "MiscLibraries.Hashids", "MiscLibraries.Hashids\MiscLibraries.Hashids.csproj", "{D952AAB9-CFE1-465D-A2D6-F6805B22083B}"
EndProject
Global
	GlobalSection(SolutionConfigurationPlatforms) = preSolution
		Debug|Any CPU = Debug|Any CPU
		Release|Any CPU = Release|Any CPU
	EndGlobalSection
	GlobalSection(SolutionProperties) = preSolution
		HideSolutionNode = FALSE
	EndGlobalSection
	GlobalSection(ProjectConfigurationPlatforms) = postSolution
		{6B046A24-691B-4BB7-8C33-9BA6B6552AC6}.Debug|Any CPU.ActiveCfg = Debug|Any CPU
		{6B046A24-691B-4BB7-8C33-9BA6B6552AC6}.Debug|Any CPU.Build.0 = Debug|Any CPU
		{6B046A24-691B-4BB7-8C33-9BA6B6552AC6}.Release|Any CPU.ActiveCfg = Release|Any CPU
		{6B046A24-691B-4BB7-8C33-9BA6B6552AC6}.Release|Any CPU.Build.0 = Release|Any CPU
		{36DC0190-3474-4CA8-B7F8-D1997BF4EF85}.Debug|Any CPU.ActiveCfg = Debug|Any CPU
		{36DC0190-3474-4CA8-B7F8-D1997BF4EF85}.Debug|Any CPU.Build.0 = Debug|Any CPU
		{36DC0190-3474-4CA8-B7F8-D1997BF4EF85}.Release|Any CPU.ActiveCfg = Release|Any CPU
		{36DC0190-3474-4CA8-B7F8-D1997BF4EF85}.Release|Any CPU.Build.0 = Release|Any CPU
		{11F92B28-8A07-4A04-8BB8-071FA4C13D77}.Debug|Any CPU.ActiveCfg = Debug|Any CPU
		{11F92B28-8A07-4A04-8BB8-071FA4C13D77}.Debug|Any CPU.Build.0 = Debug|Any CPU
		{11F92B28-8A07-4A04-8BB8-071FA4C13D77}.Release|Any CPU.ActiveCfg = Release|Any CPU
		{11F92B28-8A07-4A04-8BB8-071FA4C13D77}.Release|Any CPU.Build.0 = Release|Any CPU
		{AE31BA77-7B04-4177-AD7A-AEEF2062C3C3}.Debug|Any CPU.ActiveCfg = Debug|Any CPU
		{AE31BA77-7B04-4177-AD7A-AEEF2062C3C3}.Debug|Any CPU.Build.0 = Debug|Any CPU
		{AE31BA77-7B04-4177-AD7A-AEEF2062C3C3}.Release|Any CPU.ActiveCfg = Release|Any CPU
		{AE31BA77-7B04-4177-AD7A-AEEF2062C3C3}.Release|Any CPU.Build.0 = Release|Any CPU
		{D952AAB9-CFE1-465D-A2D6-F6805B22083B}.Debug|Any CPU.ActiveCfg = Debug|Any CPU
		{D952AAB9-CFE1-465D-A2D6-F6805B22083B}.Debug|Any CPU.Build.0 = Debug|Any CPU
		{D952AAB9-CFE1-465D-A2D6-F6805B22083B}.Release|Any CPU.ActiveCfg = Release|Any CPU
		{D952AAB9-CFE1-465D-A2D6-F6805B22083B}.Release|Any CPU.Build.0 = Release|Any CPU
	EndGlobalSection
EndGlobal
